# THIS IS AN AUTOGENERATED FILE. DO NOT EDIT THIS FILE DIRECTLY.
# yarn lockfile v1


react-native-fbsdk@^1.0.3:
  version "1.0.3"
  resolved "https://registry.yarnpkg.com/react-native-fbsdk/-/react-native-fbsdk-1.0.3.tgz#e52b4dad9c14728e6c43dc1a4f44e25bbfce0a01"
  integrity sha512-4tnL8ncqKgtrlz7l8P4+3czuKmExGO5l1RbypOIRbPp2vNT6AbKsZExrn0kUcJDP3fsuF1ODnkKUNN7RYNHhLg==
